
Microsoft Visual Studio Solution File, Format Version 12.00
# Visual Studio Version 16
VisualStudioVersion = 16.0.31613.86
MinimumVisualStudioVersion = 10.0.40219.1
Project("{9A19103F-16F7-4668-BE54-9A1E7A4F7556}") = "todofc.Common", "todofc.Common\todofc.Common.csproj", "{7FAC81BD-7302-4DEE-AAAF-558FC47E182B}"
EndProject
Project("{9A19103F-16F7-4668-BE54-9A1E7A4F7556}") = "todofc.Functions", "todofc.Functions\todofc.Functions.csproj", "{57B11D88-0F2E-4151-9C4C-F004D3EE7B0E}"
EndProject
Project("{9A19103F-16F7-4668-BE54-9A1E7A4F7556}") = "todofc.Test", "todofc.Test\todofc.Test.csproj", "{7C259DC9-46B4-4199-8E68-16DC1C3CF4D5}"
EndProject
Global
	GlobalSection(SolutionConfigurationPlatforms) = preSolution
		Debug|Any CPU = Debug|Any CPU
		Release|Any CPU = Release|Any CPU
	EndGlobalSection
	GlobalSection(ProjectConfigurationPlatforms) = postSolution
		{7FAC81BD-7302-4DEE-AAAF-558FC47E182B}.Debug|Any CPU.ActiveCfg = Debug|Any CPU
		{7FAC81BD-7302-4DEE-AAAF-558FC47E182B}.Debug|Any CPU.Build.0 = Debug|Any CPU
		{7FAC81BD-7302-4DEE-AAAF-558FC47E182B}.Release|Any CPU.ActiveCfg = Release|Any CPU
		{7FAC81BD-7302-4DEE-AAAF-558FC47E182B}.Release|Any CPU.Build.0 = Release|Any CPU
		{57B11D88-0F2E-4151-9C4C-F004D3EE7B0E}.Debug|Any CPU.ActiveCfg = Debug|Any CPU
		{57B11D88-0F2E-4151-9C4C-F004D3EE7B0E}.Debug|Any CPU.Build.0 = Debug|Any CPU
		{57B11D88-0F2E-4151-9C4C-F004D3EE7B0E}.Release|Any CPU.ActiveCfg = Release|Any CPU
		{57B11D88-0F2E-4151-9C4C-F004D3EE7B0E}.Release|Any CPU.Build.0 = Release|Any CPU
		{7C259DC9-46B4-4199-8E68-16DC1C3CF4D5}.Debug|Any CPU.ActiveCfg = Debug|Any CPU
		{7C259DC9-46B4-4199-8E68-16DC1C3CF4D5}.Debug|Any CPU.Build.0 = Debug|Any CPU
		{7C259DC9-46B4-4199-8E68-16DC1C3CF4D5}.Release|Any CPU.ActiveCfg = Release|Any CPU
		{7C259DC9-46B4-4199-8E68-16DC1C3CF4D5}.Release|Any CPU.Build.0 = Release|Any CPU
	EndGlobalSection
	GlobalSection(SolutionProperties) = preSolution
		HideSolutionNode = FALSE
	EndGlobalSection
	GlobalSection(ExtensibilityGlobals) = postSolution
		SolutionGuid = {00888EFC-4A11-45C9-A9AF-F2DD228B9373}
	EndGlobalSection
EndGlobal
